
Microsoft Visual Studio Solution File, Format Version 12.00
# Visual Studio Version 16
VisualStudioVersion = 16.0.30907.101
MinimumVisualStudioVersion = 10.0.40219.1
Project("{9A19103F-16F7-4668-BE54-9A1E7A4F7556}") = "JR_NK_MVC_Core", "JR_NK_MVC_Core\JR_NK_MVC_Core.csproj", "{04C6562B-7BC5-430B-BDFE-7C13EAB46CA0}"
EndProject
Project("{2150E333-8FDC-42A3-9474-1A3956D46DE8}") = "Solution Items", "Solution Items", "{3D8B6CDC-9827-4CFA-A3FC-8FCC8F3C2FBE}"
	ProjectSection(SolutionItems) = preProject
		.editorconfig = .editorconfig
	EndProjectSection
EndProject
Global
	GlobalSection(SolutionConfigurationPlatforms) = preSolution
		Debug|Any CPU = Debug|Any CPU
		Release|Any CPU = Release|Any CPU
	EndGlobalSection
	GlobalSection(ProjectConfigurationPlatforms) = postSolution
		{04C6562B-7BC5-430B-BDFE-7C13EAB46CA0}.Debug|Any CPU.ActiveCfg = Debug|Any CPU
		{04C6562B-7BC5-430B-BDFE-7C13EAB46CA0}.Debug|Any CPU.Build.0 = Debug|Any CPU
		{04C6562B-7BC5-430B-BDFE-7C13EAB46CA0}.Release|Any CPU.ActiveCfg = Release|Any CPU
		{04C6562B-7BC5-430B-BDFE-7C13EAB46CA0}.Release|Any CPU.Build.0 = Release|Any CPU
	EndGlobalSection
	GlobalSection(SolutionProperties) = preSolution
		HideSolutionNode = FALSE
	EndGlobalSection
	GlobalSection(ExtensibilityGlobals) = postSolution
		SolutionGuid = {3521D204-FFAF-42A3-B5C0-091F3514769E}
	EndGlobalSection
EndGlobal
